
Microsoft Visual Studio Solution File, Format Version 12.00
Project("{2150E333-8FDC-42A3-9474-1A3956D46DE8}") = "DataCat.Server", "DataCat.Server", "{3D1FD537-C3CC-4E8A-A6E5-BEE6212A680A}"
EndProject
Project("{FAE04EC0-301F-11D3-BF4B-00C04F79EFBC}") = "DataCat.Server.Api", "components\server\DataCat.Server.Api\DataCat.Server.Api.csproj", "{1621F9FE-91B0-4532-BF6B-E1BFDE263D71}"
EndProject
Global
	GlobalSection(SolutionConfigurationPlatforms) = preSolution
		Debug|Any CPU = Debug|Any CPU
		Release|Any CPU = Release|Any CPU
	EndGlobalSection
	GlobalSection(NestedProjects) = preSolution
		{1621F9FE-91B0-4532-BF6B-E1BFDE263D71} = {3D1FD537-C3CC-4E8A-A6E5-BEE6212A680A}
	EndGlobalSection
	GlobalSection(ProjectConfigurationPlatforms) = postSolution
		{1621F9FE-91B0-4532-BF6B-E1BFDE263D71}.Debug|Any CPU.ActiveCfg = Debug|Any CPU
		{1621F9FE-91B0-4532-BF6B-E1BFDE263D71}.Debug|Any CPU.Build.0 = Debug|Any CPU
		{1621F9FE-91B0-4532-BF6B-E1BFDE263D71}.Release|Any CPU.ActiveCfg = Release|Any CPU
		{1621F9FE-91B0-4532-BF6B-E1BFDE263D71}.Release|Any CPU.Build.0 = Release|Any CPU
	EndGlobalSection
EndGlobal
