
Microsoft Visual Studio Solution File, Format Version 12.00
Project("{2150E333-8FDC-42A3-9474-1A3956D46DE8}") = "DataCat.Server", "DataCat.Server", "{3D1FD537-C3CC-4E8A-A6E5-BEE6212A680A}"
EndProject
Project("{FAE04EC0-301F-11D3-BF4B-00C04F79EFBC}") = "DataCat.Server.Api", "components\server\DataCat.Server.Api\DataCat.Server.Api.csproj", "{1621F9FE-91B0-4532-BF6B-E1BFDE263D71}"
EndProject
Project("{2150E333-8FDC-42A3-9474-1A3956D46DE8}") = "DataCat.Client", "DataCat.Client", "{10F7D54B-4471-48AB-BBA6-E800EFBEE9B7}"
EndProject
Project("{FAE04EC0-301F-11D3-BF4B-00C04F79EFBC}") = "DataCat.OpenTelemetry.Exporter.Example", "clients\csharp\DataCat.OpenTelemetry.Exporter.Example\DataCat.OpenTelemetry.Exporter.Example.csproj", "{DE3E2669-7274-42CE-A280-F068E556374E}"
EndProject
Project("{FAE04EC0-301F-11D3-BF4B-00C04F79EFBC}") = "DataCat.OpenTelemetry.Exporter", "clients\csharp\DataCat.OpenTelemetry.Exporter\DataCat.OpenTelemetry.Exporter.csproj", "{EDCEFCA4-0BE2-486C-B541-CA6587E16D3A}"
EndProject
Project("{FAE04EC0-301F-11D3-BF4B-00C04F79EFBC}") = "DataCat.Server.Application", "components\server\DataCat.Server.Application\DataCat.Server.Application.csproj", "{BE5D00BC-D9DD-480C-ABF2-B52BAFE3DEFE}"
EndProject
Project("{FAE04EC0-301F-11D3-BF4B-00C04F79EFBC}") = "DataCat.Server.Domain", "components\server\DataCat.Server.Domain\DataCat.Server.Domain.csproj", "{8076B3D0-246F-44BF-8EE2-1A4716FD3326}"
EndProject
Project("{FAE04EC0-301F-11D3-BF4B-00C04F79EFBC}") = "DataCat.Server.HttpModels", "components\server\DataCat.Server.HttpModels\DataCat.Server.HttpModels.csproj", "{1731D151-BBED-4A96-BF55-B168C275628B}"
EndProject
Project("{FAE04EC0-301F-11D3-BF4B-00C04F79EFBC}") = "DataCat.Server.PDK", "components\server\DataCat.Server.PDK\DataCat.Server.PDK.csproj", "{5703895D-A27E-4381-B167-9E5F2F3337B9}"
EndProject
Project("{FAE04EC0-301F-11D3-BF4B-00C04F79EFBC}") = "DataCat.Server.DI", "components\server\DataCat.Server.DI\DataCat.Server.DI.csproj", "{B6CB2888-16AB-4899-9422-872F890C08FB}"
EndProject
Project("{FAE04EC0-301F-11D3-BF4B-00C04F79EFBC}") = "DataCat.Server.Infrastructure", "components\server\DataCat.Server.Infrastructure\DataCat.Server.Infrastructure.csproj", "{B81250CE-9451-4808-BD40-F7199785B879}"
EndProject
Project("{2150E333-8FDC-42A3-9474-1A3956D46DE8}") = ".uploads", ".uploads", "{34B4DD78-47D1-4D93-9CF7-7F3F15AD8B01}"
	ProjectSection(SolutionItems) = preProject
		components\server\DataCat.Server.Api\bin\Debug\net8.0\uploads\c30eae6d-1510-49b0-9c0d-e8cc7e66b173 = components\server\DataCat.Server.Api\bin\Debug\net8.0\uploads\c30eae6d-1510-49b0-9c0d-e8cc7e66b173
	EndProjectSection
EndProject
Project("{FAE04EC0-301F-11D3-BF4B-00C04F79EFBC}") = "DataCat.Server.Metrics", "components\server\DataCat.Server.Metrics\DataCat.Server.Metrics.csproj", "{E6EB0765-5B7D-41BE-A39C-87024891E4BB}"
EndProject
Project("{2150E333-8FDC-42A3-9474-1A3956D46DE8}") = "src", "src", "{7670EE1F-5E02-4470-83A9-9AF0C981298A}"
EndProject
Project("{2150E333-8FDC-42A3-9474-1A3956D46DE8}") = "plugins", "plugins", "{6810E2F4-F559-444A-A800-758C8A5BEC23}"
EndProject
Project("{2150E333-8FDC-42A3-9474-1A3956D46DE8}") = "database", "database", "{0AC01F62-BA5A-45BA-9E2A-AAF81A2BAB44}"
EndProject
Project("{2150E333-8FDC-42A3-9474-1A3956D46DE8}") = "alerts", "alerts", "{A1C8675C-1378-4525-9505-B07200A826D7}"
EndProject
Project("{FAE04EC0-301F-11D3-BF4B-00C04F79EFBC}") = "DataCat.Storage.Postgres", "components\server\configuration-storage\DataCat.Storage.Postgres\DataCat.Storage.Postgres.csproj", "{B0128F4C-E438-42E8-82ED-7D550FF7B4BB}"
EndProject
Project("{FAE04EC0-301F-11D3-BF4B-00C04F79EFBC}") = "DataCat.Notifications.Email", "components\server\notifications\DataCat.Notifications.Email\DataCat.Notifications.Email.csproj", "{8BEA1D96-D492-4625-87D3-FD92F67D91CE}"
EndProject
Project("{FAE04EC0-301F-11D3-BF4B-00C04F79EFBC}") = "DataCat.Notifications.Telegram", "components\server\notifications\DataCat.Notifications.Telegram\DataCat.Notifications.Telegram.csproj", "{00016975-5A4A-4B34-95BE-508F3568CDCE}"
EndProject
Global
	GlobalSection(SolutionConfigurationPlatforms) = preSolution
		Debug|Any CPU = Debug|Any CPU
		Release|Any CPU = Release|Any CPU
	EndGlobalSection
	GlobalSection(NestedProjects) = preSolution
		{DE3E2669-7274-42CE-A280-F068E556374E} = {10F7D54B-4471-48AB-BBA6-E800EFBEE9B7}
		{EDCEFCA4-0BE2-486C-B541-CA6587E16D3A} = {10F7D54B-4471-48AB-BBA6-E800EFBEE9B7}
		{34B4DD78-47D1-4D93-9CF7-7F3F15AD8B01} = {3D1FD537-C3CC-4E8A-A6E5-BEE6212A680A}
		{7670EE1F-5E02-4470-83A9-9AF0C981298A} = {3D1FD537-C3CC-4E8A-A6E5-BEE6212A680A}
		{1621F9FE-91B0-4532-BF6B-E1BFDE263D71} = {7670EE1F-5E02-4470-83A9-9AF0C981298A}
		{BE5D00BC-D9DD-480C-ABF2-B52BAFE3DEFE} = {7670EE1F-5E02-4470-83A9-9AF0C981298A}
		{B6CB2888-16AB-4899-9422-872F890C08FB} = {7670EE1F-5E02-4470-83A9-9AF0C981298A}
		{1731D151-BBED-4A96-BF55-B168C275628B} = {7670EE1F-5E02-4470-83A9-9AF0C981298A}
		{8076B3D0-246F-44BF-8EE2-1A4716FD3326} = {7670EE1F-5E02-4470-83A9-9AF0C981298A}
		{B81250CE-9451-4808-BD40-F7199785B879} = {7670EE1F-5E02-4470-83A9-9AF0C981298A}
		{6810E2F4-F559-444A-A800-758C8A5BEC23} = {3D1FD537-C3CC-4E8A-A6E5-BEE6212A680A}
		{0AC01F62-BA5A-45BA-9E2A-AAF81A2BAB44} = {6810E2F4-F559-444A-A800-758C8A5BEC23}
		{5703895D-A27E-4381-B167-9E5F2F3337B9} = {6810E2F4-F559-444A-A800-758C8A5BEC23}
		{E6EB0765-5B7D-41BE-A39C-87024891E4BB} = {7670EE1F-5E02-4470-83A9-9AF0C981298A}
		{A1C8675C-1378-4525-9505-B07200A826D7} = {6810E2F4-F559-444A-A800-758C8A5BEC23}
		{B0128F4C-E438-42E8-82ED-7D550FF7B4BB} = {0AC01F62-BA5A-45BA-9E2A-AAF81A2BAB44}
		{8BEA1D96-D492-4625-87D3-FD92F67D91CE} = {A1C8675C-1378-4525-9505-B07200A826D7}
		{00016975-5A4A-4B34-95BE-508F3568CDCE} = {A1C8675C-1378-4525-9505-B07200A826D7}
	EndGlobalSection
	GlobalSection(ProjectConfigurationPlatforms) = postSolution
		{1621F9FE-91B0-4532-BF6B-E1BFDE263D71}.Debug|Any CPU.ActiveCfg = Debug|Any CPU
		{1621F9FE-91B0-4532-BF6B-E1BFDE263D71}.Debug|Any CPU.Build.0 = Debug|Any CPU
		{1621F9FE-91B0-4532-BF6B-E1BFDE263D71}.Release|Any CPU.ActiveCfg = Release|Any CPU
		{1621F9FE-91B0-4532-BF6B-E1BFDE263D71}.Release|Any CPU.Build.0 = Release|Any CPU
		{DE3E2669-7274-42CE-A280-F068E556374E}.Debug|Any CPU.ActiveCfg = Debug|Any CPU
		{DE3E2669-7274-42CE-A280-F068E556374E}.Debug|Any CPU.Build.0 = Debug|Any CPU
		{DE3E2669-7274-42CE-A280-F068E556374E}.Release|Any CPU.ActiveCfg = Release|Any CPU
		{DE3E2669-7274-42CE-A280-F068E556374E}.Release|Any CPU.Build.0 = Release|Any CPU
		{EDCEFCA4-0BE2-486C-B541-CA6587E16D3A}.Debug|Any CPU.ActiveCfg = Debug|Any CPU
		{EDCEFCA4-0BE2-486C-B541-CA6587E16D3A}.Debug|Any CPU.Build.0 = Debug|Any CPU
		{EDCEFCA4-0BE2-486C-B541-CA6587E16D3A}.Release|Any CPU.ActiveCfg = Release|Any CPU
		{EDCEFCA4-0BE2-486C-B541-CA6587E16D3A}.Release|Any CPU.Build.0 = Release|Any CPU
		{BE5D00BC-D9DD-480C-ABF2-B52BAFE3DEFE}.Debug|Any CPU.ActiveCfg = Debug|Any CPU
		{BE5D00BC-D9DD-480C-ABF2-B52BAFE3DEFE}.Debug|Any CPU.Build.0 = Debug|Any CPU
		{BE5D00BC-D9DD-480C-ABF2-B52BAFE3DEFE}.Release|Any CPU.ActiveCfg = Release|Any CPU
		{BE5D00BC-D9DD-480C-ABF2-B52BAFE3DEFE}.Release|Any CPU.Build.0 = Release|Any CPU
		{8076B3D0-246F-44BF-8EE2-1A4716FD3326}.Debug|Any CPU.ActiveCfg = Debug|Any CPU
		{8076B3D0-246F-44BF-8EE2-1A4716FD3326}.Debug|Any CPU.Build.0 = Debug|Any CPU
		{8076B3D0-246F-44BF-8EE2-1A4716FD3326}.Release|Any CPU.ActiveCfg = Release|Any CPU
		{8076B3D0-246F-44BF-8EE2-1A4716FD3326}.Release|Any CPU.Build.0 = Release|Any CPU
		{1731D151-BBED-4A96-BF55-B168C275628B}.Debug|Any CPU.ActiveCfg = Debug|Any CPU
		{1731D151-BBED-4A96-BF55-B168C275628B}.Debug|Any CPU.Build.0 = Debug|Any CPU
		{1731D151-BBED-4A96-BF55-B168C275628B}.Release|Any CPU.ActiveCfg = Release|Any CPU
		{1731D151-BBED-4A96-BF55-B168C275628B}.Release|Any CPU.Build.0 = Release|Any CPU
		{5703895D-A27E-4381-B167-9E5F2F3337B9}.Debug|Any CPU.ActiveCfg = Debug|Any CPU
		{5703895D-A27E-4381-B167-9E5F2F3337B9}.Debug|Any CPU.Build.0 = Debug|Any CPU
		{5703895D-A27E-4381-B167-9E5F2F3337B9}.Release|Any CPU.ActiveCfg = Release|Any CPU
		{5703895D-A27E-4381-B167-9E5F2F3337B9}.Release|Any CPU.Build.0 = Release|Any CPU
		{B6CB2888-16AB-4899-9422-872F890C08FB}.Debug|Any CPU.ActiveCfg = Debug|Any CPU
		{B6CB2888-16AB-4899-9422-872F890C08FB}.Debug|Any CPU.Build.0 = Debug|Any CPU
		{B6CB2888-16AB-4899-9422-872F890C08FB}.Release|Any CPU.ActiveCfg = Release|Any CPU
		{B6CB2888-16AB-4899-9422-872F890C08FB}.Release|Any CPU.Build.0 = Release|Any CPU
		{B81250CE-9451-4808-BD40-F7199785B879}.Debug|Any CPU.ActiveCfg = Debug|Any CPU
		{B81250CE-9451-4808-BD40-F7199785B879}.Debug|Any CPU.Build.0 = Debug|Any CPU
		{B81250CE-9451-4808-BD40-F7199785B879}.Release|Any CPU.ActiveCfg = Release|Any CPU
		{B81250CE-9451-4808-BD40-F7199785B879}.Release|Any CPU.Build.0 = Release|Any CPU
		{E6EB0765-5B7D-41BE-A39C-87024891E4BB}.Debug|Any CPU.ActiveCfg = Debug|Any CPU
		{E6EB0765-5B7D-41BE-A39C-87024891E4BB}.Debug|Any CPU.Build.0 = Debug|Any CPU
		{E6EB0765-5B7D-41BE-A39C-87024891E4BB}.Release|Any CPU.ActiveCfg = Release|Any CPU
		{E6EB0765-5B7D-41BE-A39C-87024891E4BB}.Release|Any CPU.Build.0 = Release|Any CPU
		{B0128F4C-E438-42E8-82ED-7D550FF7B4BB}.Debug|Any CPU.ActiveCfg = Debug|Any CPU
		{B0128F4C-E438-42E8-82ED-7D550FF7B4BB}.Debug|Any CPU.Build.0 = Debug|Any CPU
		{B0128F4C-E438-42E8-82ED-7D550FF7B4BB}.Release|Any CPU.ActiveCfg = Release|Any CPU
		{B0128F4C-E438-42E8-82ED-7D550FF7B4BB}.Release|Any CPU.Build.0 = Release|Any CPU
		{8BEA1D96-D492-4625-87D3-FD92F67D91CE}.Debug|Any CPU.ActiveCfg = Debug|Any CPU
		{8BEA1D96-D492-4625-87D3-FD92F67D91CE}.Debug|Any CPU.Build.0 = Debug|Any CPU
		{8BEA1D96-D492-4625-87D3-FD92F67D91CE}.Release|Any CPU.ActiveCfg = Release|Any CPU
		{8BEA1D96-D492-4625-87D3-FD92F67D91CE}.Release|Any CPU.Build.0 = Release|Any CPU
		{00016975-5A4A-4B34-95BE-508F3568CDCE}.Debug|Any CPU.ActiveCfg = Debug|Any CPU
		{00016975-5A4A-4B34-95BE-508F3568CDCE}.Debug|Any CPU.Build.0 = Debug|Any CPU
		{00016975-5A4A-4B34-95BE-508F3568CDCE}.Release|Any CPU.ActiveCfg = Release|Any CPU
		{00016975-5A4A-4B34-95BE-508F3568CDCE}.Release|Any CPU.Build.0 = Release|Any CPU
	EndGlobalSection
EndGlobal
